
Microsoft Visual Studio Solution File, Format Version 12.00
# Visual Studio Version 16
VisualStudioVersion = 16.0.31613.86
MinimumVisualStudioVersion = 10.0.40219.1
Project("{FAE04EC0-301F-11D3-BF4B-00C04F79EFBC}") = "Desafio_FelizNatal", "Desafio_FelizNatal\Desafio_FelizNatal.csproj", "{F86C1419-2200-4014-8ED8-5E6BBAB96515}"
EndProject
Global
	GlobalSection(SolutionConfigurationPlatforms) = preSolution
		Debug|Any CPU = Debug|Any CPU
		Release|Any CPU = Release|Any CPU
	EndGlobalSection
	GlobalSection(ProjectConfigurationPlatforms) = postSolution
		{F86C1419-2200-4014-8ED8-5E6BBAB96515}.Debug|Any CPU.ActiveCfg = Debug|Any CPU
		{F86C1419-2200-4014-8ED8-5E6BBAB96515}.Debug|Any CPU.Build.0 = Debug|Any CPU
		{F86C1419-2200-4014-8ED8-5E6BBAB96515}.Release|Any CPU.ActiveCfg = Release|Any CPU
		{F86C1419-2200-4014-8ED8-5E6BBAB96515}.Release|Any CPU.Build.0 = Release|Any CPU
	EndGlobalSection
	GlobalSection(SolutionProperties) = preSolution
		HideSolutionNode = FALSE
	EndGlobalSection
	GlobalSection(ExtensibilityGlobals) = postSolution
		SolutionGuid = {721C3D43-17C2-4D65-A0AA-AEE46FE9C44F}
	EndGlobalSection
EndGlobal
